
Microsoft Visual Studio Solution File, Format Version 12.00
# Visual Studio Version 17
VisualStudioVersion = 17.7.34018.315
MinimumVisualStudioVersion = 10.0.40219.1
Project("{FAE04EC0-301F-11D3-BF4B-00C04F79EFBC}") = "GUI", "GUI\GUI.csproj", "{83B920AF-2BCC-495D-8FCE-9A751B5BF1B7}"
EndProject
Project("{FAE04EC0-301F-11D3-BF4B-00C04F79EFBC}") = "BUS", "BUS\BUS.csproj", "{8C29EC0A-737E-4E89-B0FD-C1AB5D64F9D2}"
EndProject
Project("{FAE04EC0-301F-11D3-BF4B-00C04F79EFBC}") = "DAL", "DAL\DAL.csproj", "{F9939F1C-9838-4108-9936-5FE7C5B8B577}"
EndProject
Global
	GlobalSection(SolutionConfigurationPlatforms) = preSolution
		Debug|Any CPU = Debug|Any CPU
		Release|Any CPU = Release|Any CPU
	EndGlobalSection
	GlobalSection(ProjectConfigurationPlatforms) = postSolution
		{83B920AF-2BCC-495D-8FCE-9A751B5BF1B7}.Debug|Any CPU.ActiveCfg = Debug|Any CPU
		{83B920AF-2BCC-495D-8FCE-9A751B5BF1B7}.Debug|Any CPU.Build.0 = Debug|Any CPU
		{83B920AF-2BCC-495D-8FCE-9A751B5BF1B7}.Release|Any CPU.ActiveCfg = Release|Any CPU
		{83B920AF-2BCC-495D-8FCE-9A751B5BF1B7}.Release|Any CPU.Build.0 = Release|Any CPU
		{8C29EC0A-737E-4E89-B0FD-C1AB5D64F9D2}.Debug|Any CPU.ActiveCfg = Debug|Any CPU
		{8C29EC0A-737E-4E89-B0FD-C1AB5D64F9D2}.Debug|Any CPU.Build.0 = Debug|Any CPU
		{8C29EC0A-737E-4E89-B0FD-C1AB5D64F9D2}.Release|Any CPU.ActiveCfg = Release|Any CPU
		{8C29EC0A-737E-4E89-B0FD-C1AB5D64F9D2}.Release|Any CPU.Build.0 = Release|Any CPU
		{F9939F1C-9838-4108-9936-5FE7C5B8B577}.Debug|Any CPU.ActiveCfg = Debug|Any CPU
		{F9939F1C-9838-4108-9936-5FE7C5B8B577}.Debug|Any CPU.Build.0 = Debug|Any CPU
		{F9939F1C-9838-4108-9936-5FE7C5B8B577}.Release|Any CPU.ActiveCfg = Release|Any CPU
		{F9939F1C-9838-4108-9936-5FE7C5B8B577}.Release|Any CPU.Build.0 = Release|Any CPU
	EndGlobalSection
	GlobalSection(SolutionProperties) = preSolution
		HideSolutionNode = FALSE
	EndGlobalSection
	GlobalSection(ExtensibilityGlobals) = postSolution
		SolutionGuid = {440BC28C-9D90-4FB6-9F43-FBD009BED98B}
	EndGlobalSection
EndGlobal
